
Microsoft Visual Studio Solution File, Format Version 12.00
# Visual Studio Version 17
VisualStudioVersion = 17.5.33516.290
MinimumVisualStudioVersion = 10.0.40219.1
Project("{FAE04EC0-301F-11D3-BF4B-00C04F79EFBC}") = "Domain.Test", "Domain.Test\Domain.Test.csproj", "{DA9EE5A0-F794-4110-8742-6DE54EFE7B50}"
EndProject
Project("{FAE04EC0-301F-11D3-BF4B-00C04F79EFBC}") = "Domain", "Domain\Domain.csproj", "{87AB99C9-CADD-4428-B840-D0056C418E41}"
EndProject
Project("{FAE04EC0-301F-11D3-BF4B-00C04F79EFBC}") = "BusinessLogic", "BusinessLogic\BusinessLogic.csproj", "{F350C9E7-AFA9-4007-B8CC-E29A2893E8A2}"
EndProject
Project("{FAE04EC0-301F-11D3-BF4B-00C04F79EFBC}") = "TaskPanelApp", "TaskPanelApp\TaskPanelApp.csproj", "{90D3148C-92EB-49F3-85E5-52A7ED9B8543}"
EndProject
Project("{FAE04EC0-301F-11D3-BF4B-00C04F79EFBC}") = "BusinessLogic.Test", "BusinessLogic.Test\BusinessLogic.Test.csproj", "{638E0109-E03D-4CDE-B1AB-F5F519CB7731}"
EndProject
Project("{FAE04EC0-301F-11D3-BF4B-00C04F79EFBC}") = "DTOs.Test", "DTOs.Test\DTOs.Test.csproj", "{9EA1AF45-E67B-4696-8388-4FA18558FA7A}"
EndProject
Project("{FAE04EC0-301F-11D3-BF4B-00C04F79EFBC}") = "DTOs", "DTOs\DTOs.csproj", "{59B783D4-D89F-434F-976F-28C4CBAF8F3C}"
EndProject
Project("{FAE04EC0-301F-11D3-BF4B-00C04F79EFBC}") = "DataAccess", "DataAccess\DataAccess.csproj", "{CB7AAC2B-9F5D-4DD6-930A-367741587346}"
EndProject
Project("{FAE04EC0-301F-11D3-BF4B-00C04F79EFBC}") = "DataAccess.Test", "DataAccess.Test\DataAccess.Test.csproj", "{3220513E-6BC5-4895-8F5E-91544E0EC296}"
EndProject
Global
	GlobalSection(SolutionConfigurationPlatforms) = preSolution
		Debug|Any CPU = Debug|Any CPU
		Release|Any CPU = Release|Any CPU
	EndGlobalSection
	GlobalSection(ProjectConfigurationPlatforms) = postSolution
		{DA9EE5A0-F794-4110-8742-6DE54EFE7B50}.Debug|Any CPU.ActiveCfg = Debug|Any CPU
		{DA9EE5A0-F794-4110-8742-6DE54EFE7B50}.Debug|Any CPU.Build.0 = Debug|Any CPU
		{DA9EE5A0-F794-4110-8742-6DE54EFE7B50}.Release|Any CPU.ActiveCfg = Release|Any CPU
		{DA9EE5A0-F794-4110-8742-6DE54EFE7B50}.Release|Any CPU.Build.0 = Release|Any CPU
		{87AB99C9-CADD-4428-B840-D0056C418E41}.Debug|Any CPU.ActiveCfg = Debug|Any CPU
		{87AB99C9-CADD-4428-B840-D0056C418E41}.Debug|Any CPU.Build.0 = Debug|Any CPU
		{87AB99C9-CADD-4428-B840-D0056C418E41}.Release|Any CPU.ActiveCfg = Release|Any CPU
		{87AB99C9-CADD-4428-B840-D0056C418E41}.Release|Any CPU.Build.0 = Release|Any CPU
		{F350C9E7-AFA9-4007-B8CC-E29A2893E8A2}.Debug|Any CPU.ActiveCfg = Debug|Any CPU
		{F350C9E7-AFA9-4007-B8CC-E29A2893E8A2}.Debug|Any CPU.Build.0 = Debug|Any CPU
		{F350C9E7-AFA9-4007-B8CC-E29A2893E8A2}.Release|Any CPU.ActiveCfg = Release|Any CPU
		{F350C9E7-AFA9-4007-B8CC-E29A2893E8A2}.Release|Any CPU.Build.0 = Release|Any CPU
		{90D3148C-92EB-49F3-85E5-52A7ED9B8543}.Debug|Any CPU.ActiveCfg = Debug|Any CPU
		{90D3148C-92EB-49F3-85E5-52A7ED9B8543}.Debug|Any CPU.Build.0 = Debug|Any CPU
		{90D3148C-92EB-49F3-85E5-52A7ED9B8543}.Release|Any CPU.ActiveCfg = Release|Any CPU
		{90D3148C-92EB-49F3-85E5-52A7ED9B8543}.Release|Any CPU.Build.0 = Release|Any CPU
		{638E0109-E03D-4CDE-B1AB-F5F519CB7731}.Debug|Any CPU.ActiveCfg = Debug|Any CPU
		{638E0109-E03D-4CDE-B1AB-F5F519CB7731}.Debug|Any CPU.Build.0 = Debug|Any CPU
		{638E0109-E03D-4CDE-B1AB-F5F519CB7731}.Release|Any CPU.ActiveCfg = Release|Any CPU
		{638E0109-E03D-4CDE-B1AB-F5F519CB7731}.Release|Any CPU.Build.0 = Release|Any CPU
		{9EA1AF45-E67B-4696-8388-4FA18558FA7A}.Debug|Any CPU.ActiveCfg = Debug|Any CPU
		{9EA1AF45-E67B-4696-8388-4FA18558FA7A}.Debug|Any CPU.Build.0 = Debug|Any CPU
		{9EA1AF45-E67B-4696-8388-4FA18558FA7A}.Release|Any CPU.ActiveCfg = Release|Any CPU
		{9EA1AF45-E67B-4696-8388-4FA18558FA7A}.Release|Any CPU.Build.0 = Release|Any CPU
		{59B783D4-D89F-434F-976F-28C4CBAF8F3C}.Debug|Any CPU.ActiveCfg = Debug|Any CPU
		{59B783D4-D89F-434F-976F-28C4CBAF8F3C}.Debug|Any CPU.Build.0 = Debug|Any CPU
		{59B783D4-D89F-434F-976F-28C4CBAF8F3C}.Release|Any CPU.ActiveCfg = Release|Any CPU
		{59B783D4-D89F-434F-976F-28C4CBAF8F3C}.Release|Any CPU.Build.0 = Release|Any CPU
		{CB7AAC2B-9F5D-4DD6-930A-367741587346}.Debug|Any CPU.ActiveCfg = Debug|Any CPU
		{CB7AAC2B-9F5D-4DD6-930A-367741587346}.Debug|Any CPU.Build.0 = Debug|Any CPU
		{CB7AAC2B-9F5D-4DD6-930A-367741587346}.Release|Any CPU.ActiveCfg = Release|Any CPU
		{CB7AAC2B-9F5D-4DD6-930A-367741587346}.Release|Any CPU.Build.0 = Release|Any CPU
		{3220513E-6BC5-4895-8F5E-91544E0EC296}.Debug|Any CPU.ActiveCfg = Debug|Any CPU
		{3220513E-6BC5-4895-8F5E-91544E0EC296}.Debug|Any CPU.Build.0 = Debug|Any CPU
		{3220513E-6BC5-4895-8F5E-91544E0EC296}.Release|Any CPU.ActiveCfg = Release|Any CPU
		{3220513E-6BC5-4895-8F5E-91544E0EC296}.Release|Any CPU.Build.0 = Release|Any CPU
	EndGlobalSection
	GlobalSection(SolutionProperties) = preSolution
		HideSolutionNode = FALSE
	EndGlobalSection
	GlobalSection(ExtensibilityGlobals) = postSolution
		SolutionGuid = {F30EC2AB-1B18-44CB-A39E-622C9FD5A647}
	EndGlobalSection
EndGlobal
